
Microsoft Visual Studio Solution File, Format Version 12.00
# Visual Studio 15
VisualStudioVersion = 15.0.27428.2037
MinimumVisualStudioVersion = 10.0.40219.1
Project("{2150E333-8FDC-42A3-9474-1A3956D46DE8}") = "Content", "Content", "{7BC905EF-C6E0-4CB1-A6EE-25EF7C817CC4}"
	ProjectSection(SolutionItems) = preProject
		..\client\Content\bootstrap-theme.min.css = ..\client\Content\bootstrap-theme.min.css
		..\client\Content\bootstrap.min.css = ..\client\Content\bootstrap.min.css
		..\client\Content\site.css = ..\client\Content\site.css
	EndProjectSection
EndProject
Project("{2150E333-8FDC-42A3-9474-1A3956D46DE8}") = "Images", "Images", "{855DC110-8696-4DD3-8174-ACEDB1A8E8C3}"
	ProjectSection(SolutionItems) = preProject
		..\client\Images\loading.gif = ..\client\Images\loading.gif
	EndProjectSection
EndProject
Project("{2150E333-8FDC-42A3-9474-1A3956D46DE8}") = "Scripts", "Scripts", "{AA068AC2-2FC7-46CF-A6F3-D111BCD40C14}"
	ProjectSection(SolutionItems) = preProject
		..\client\Scripts\bootstrap.min.js = ..\client\Scripts\bootstrap.min.js
		..\client\Scripts\jquery-2.2.3.min.js = ..\client\Scripts\jquery-2.2.3.min.js
		..\client\Scripts\knockout-3.4.0.js = ..\client\Scripts\knockout-3.4.0.js
		..\client\Scripts\moment.min.js = ..\client\Scripts\moment.min.js
	EndProjectSection
EndProject
Project("{2150E333-8FDC-42A3-9474-1A3956D46DE8}") = "Solution Items", "Solution Items", "{65A231BF-C8FF-480B-BC99-25B5189047CC}"
	ProjectSection(SolutionItems) = preProject
		..\client\Index.html = ..\client\Index.html
	EndProjectSection
EndProject
Global
	GlobalSection(SolutionProperties) = preSolution
		HideSolutionNode = FALSE
	EndGlobalSection
	GlobalSection(ExtensibilityGlobals) = postSolution
		SolutionGuid = {444162AA-CFB3-4ACE-9D95-043793C46B87}
	EndGlobalSection
EndGlobal
